
Microsoft Visual Studio Solution File, Format Version 12.00
# Visual Studio 15
VisualStudioVersion = 15.0.27703.2035
MinimumVisualStudioVersion = 10.0.40219.1
Project("{FAE04EC0-301F-11D3-BF4B-00C04F79EFBC}") = "Tests", "src\Tests\Tests.csproj", "{BE8CF376-7B43-4A88-8E8F-EF294AA5E097}"
EndProject
Project("{FAE04EC0-301F-11D3-BF4B-00C04F79EFBC}") = "Services.cs", "src\Services.cs\Services.cs.csproj", "{82AC5D0B-E6DD-484A-A60F-A3320925029C}"
EndProject
Project("{FAE04EC0-301F-11D3-BF4B-00C04F79EFBC}") = "IoC", "src\IoC\IoC.csproj", "{DAC5216E-41D8-44AD-90A3-DC88F7A4A2CE}"
EndProject
Project("{FAE04EC0-301F-11D3-BF4B-00C04F79EFBC}") = "DataAccess", "src\DataAccess\DataAccess.csproj", "{7452498E-395C-4BEC-87AF-1B2B3AA8BD10}"
EndProject
Project("{FAE04EC0-301F-11D3-BF4B-00C04F79EFBC}") = "WebApi", "src\WebApi\WebApi.csproj", "{0C3DBAB2-FF3E-4161-A203-25C8912DA397}"
EndProject
Project("{FAE04EC0-301F-11D3-BF4B-00C04F79EFBC}") = "DataAccessContracts", "src\DataAccessContracts\DataAccessContracts.csproj", "{8BD150F5-95E8-4294-A3CB-12F865CC89E8}"
EndProject
Project("{FAE04EC0-301F-11D3-BF4B-00C04F79EFBC}") = "Contracts", "src\Contracts\Contracts.csproj", "{C32D5D57-973B-47C6-B347-556A3E8280D7}"
EndProject
Project("{FAE04EC0-301F-11D3-BF4B-00C04F79EFBC}") = "Entities", "Entities\Entities.csproj", "{63B19730-007B-42D4-8372-D72CB51778B9}"
EndProject
Project("{FAE04EC0-301F-11D3-BF4B-00C04F79EFBC}") = "Exceptions", "Exceptions\Exceptions.csproj", "{9F835189-57F3-4C40-A6C6-9311D10619A4}"
EndProject
Global
	GlobalSection(SolutionConfigurationPlatforms) = preSolution
		Debug|Any CPU = Debug|Any CPU
		Release|Any CPU = Release|Any CPU
	EndGlobalSection
	GlobalSection(ProjectConfigurationPlatforms) = postSolution
		{BE8CF376-7B43-4A88-8E8F-EF294AA5E097}.Debug|Any CPU.ActiveCfg = Debug|Any CPU
		{BE8CF376-7B43-4A88-8E8F-EF294AA5E097}.Debug|Any CPU.Build.0 = Debug|Any CPU
		{BE8CF376-7B43-4A88-8E8F-EF294AA5E097}.Release|Any CPU.ActiveCfg = Release|Any CPU
		{BE8CF376-7B43-4A88-8E8F-EF294AA5E097}.Release|Any CPU.Build.0 = Release|Any CPU
		{82AC5D0B-E6DD-484A-A60F-A3320925029C}.Debug|Any CPU.ActiveCfg = Debug|Any CPU
		{82AC5D0B-E6DD-484A-A60F-A3320925029C}.Debug|Any CPU.Build.0 = Debug|Any CPU
		{82AC5D0B-E6DD-484A-A60F-A3320925029C}.Release|Any CPU.ActiveCfg = Release|Any CPU
		{82AC5D0B-E6DD-484A-A60F-A3320925029C}.Release|Any CPU.Build.0 = Release|Any CPU
		{DAC5216E-41D8-44AD-90A3-DC88F7A4A2CE}.Debug|Any CPU.ActiveCfg = Debug|Any CPU
		{DAC5216E-41D8-44AD-90A3-DC88F7A4A2CE}.Debug|Any CPU.Build.0 = Debug|Any CPU
		{DAC5216E-41D8-44AD-90A3-DC88F7A4A2CE}.Release|Any CPU.ActiveCfg = Release|Any CPU
		{DAC5216E-41D8-44AD-90A3-DC88F7A4A2CE}.Release|Any CPU.Build.0 = Release|Any CPU
		{7452498E-395C-4BEC-87AF-1B2B3AA8BD10}.Debug|Any CPU.ActiveCfg = Debug|Any CPU
		{7452498E-395C-4BEC-87AF-1B2B3AA8BD10}.Debug|Any CPU.Build.0 = Debug|Any CPU
		{7452498E-395C-4BEC-87AF-1B2B3AA8BD10}.Release|Any CPU.ActiveCfg = Release|Any CPU
		{7452498E-395C-4BEC-87AF-1B2B3AA8BD10}.Release|Any CPU.Build.0 = Release|Any CPU
		{0C3DBAB2-FF3E-4161-A203-25C8912DA397}.Debug|Any CPU.ActiveCfg = Debug|Any CPU
		{0C3DBAB2-FF3E-4161-A203-25C8912DA397}.Debug|Any CPU.Build.0 = Debug|Any CPU
		{0C3DBAB2-FF3E-4161-A203-25C8912DA397}.Release|Any CPU.ActiveCfg = Release|Any CPU
		{0C3DBAB2-FF3E-4161-A203-25C8912DA397}.Release|Any CPU.Build.0 = Release|Any CPU
		{8BD150F5-95E8-4294-A3CB-12F865CC89E8}.Debug|Any CPU.ActiveCfg = Debug|Any CPU
		{8BD150F5-95E8-4294-A3CB-12F865CC89E8}.Debug|Any CPU.Build.0 = Debug|Any CPU
		{8BD150F5-95E8-4294-A3CB-12F865CC89E8}.Release|Any CPU.ActiveCfg = Release|Any CPU
		{8BD150F5-95E8-4294-A3CB-12F865CC89E8}.Release|Any CPU.Build.0 = Release|Any CPU
		{C32D5D57-973B-47C6-B347-556A3E8280D7}.Debug|Any CPU.ActiveCfg = Debug|Any CPU
		{C32D5D57-973B-47C6-B347-556A3E8280D7}.Debug|Any CPU.Build.0 = Debug|Any CPU
		{C32D5D57-973B-47C6-B347-556A3E8280D7}.Release|Any CPU.ActiveCfg = Release|Any CPU
		{C32D5D57-973B-47C6-B347-556A3E8280D7}.Release|Any CPU.Build.0 = Release|Any CPU
		{63B19730-007B-42D4-8372-D72CB51778B9}.Debug|Any CPU.ActiveCfg = Debug|Any CPU
		{63B19730-007B-42D4-8372-D72CB51778B9}.Debug|Any CPU.Build.0 = Debug|Any CPU
		{63B19730-007B-42D4-8372-D72CB51778B9}.Release|Any CPU.ActiveCfg = Release|Any CPU
		{63B19730-007B-42D4-8372-D72CB51778B9}.Release|Any CPU.Build.0 = Release|Any CPU
		{9F835189-57F3-4C40-A6C6-9311D10619A4}.Debug|Any CPU.ActiveCfg = Debug|Any CPU
		{9F835189-57F3-4C40-A6C6-9311D10619A4}.Debug|Any CPU.Build.0 = Debug|Any CPU
		{9F835189-57F3-4C40-A6C6-9311D10619A4}.Release|Any CPU.ActiveCfg = Release|Any CPU
		{9F835189-57F3-4C40-A6C6-9311D10619A4}.Release|Any CPU.Build.0 = Release|Any CPU
	EndGlobalSection
	GlobalSection(SolutionProperties) = preSolution
		HideSolutionNode = FALSE
	EndGlobalSection
	GlobalSection(ExtensibilityGlobals) = postSolution
		SolutionGuid = {A7C17DE9-33AA-4FF1-AC34-77A6709094A6}
	EndGlobalSection
EndGlobal
